
Microsoft Visual Studio Solution File, Format Version 12.00
# Visual Studio Version 17
VisualStudioVersion = 17.14.36221.1
MinimumVisualStudioVersion = 10.0.40219.1
Project("{FAE04EC0-301F-11D3-BF4B-00C04F79EFBC}") = "EpsilonWebApp", "EpsilonWebApp\EpsilonWebApp.csproj", "{3236ABD3-008F-4C86-8E35-2C520BF625A5}"
EndProject
Project("{FAE04EC0-301F-11D3-BF4B-00C04F79EFBC}") = "EpsilonWebApp.Client", "EpsilonWebApp.Client\EpsilonWebApp.Client.csproj", "{5376A80A-7CE3-48E5-9ECC-26FAEB1C9533}"
EndProject
Project("{FAE04EC0-301F-11D3-BF4B-00C04F79EFBC}") = "EpsilonWebApp.Shared", "EpsilonWebApp.Shared\EpsilonWebApp.Shared.csproj", "{D6791E41-451F-4A18-A010-8C1ED17DA3EE}"
EndProject
Global
	GlobalSection(SolutionConfigurationPlatforms) = preSolution
		Debug|Any CPU = Debug|Any CPU
		Release|Any CPU = Release|Any CPU
	EndGlobalSection
	GlobalSection(ProjectConfigurationPlatforms) = postSolution
		{3236ABD3-008F-4C86-8E35-2C520BF625A5}.Debug|Any CPU.ActiveCfg = Debug|Any CPU
		{3236ABD3-008F-4C86-8E35-2C520BF625A5}.Debug|Any CPU.Build.0 = Debug|Any CPU
		{3236ABD3-008F-4C86-8E35-2C520BF625A5}.Release|Any CPU.ActiveCfg = Release|Any CPU
		{3236ABD3-008F-4C86-8E35-2C520BF625A5}.Release|Any CPU.Build.0 = Release|Any CPU
		{5376A80A-7CE3-48E5-9ECC-26FAEB1C9533}.Debug|Any CPU.ActiveCfg = Debug|Any CPU
		{5376A80A-7CE3-48E5-9ECC-26FAEB1C9533}.Debug|Any CPU.Build.0 = Debug|Any CPU
		{5376A80A-7CE3-48E5-9ECC-26FAEB1C9533}.Release|Any CPU.ActiveCfg = Release|Any CPU
		{5376A80A-7CE3-48E5-9ECC-26FAEB1C9533}.Release|Any CPU.Build.0 = Release|Any CPU
		{D6791E41-451F-4A18-A010-8C1ED17DA3EE}.Debug|Any CPU.ActiveCfg = Debug|Any CPU
		{D6791E41-451F-4A18-A010-8C1ED17DA3EE}.Debug|Any CPU.Build.0 = Debug|Any CPU
		{D6791E41-451F-4A18-A010-8C1ED17DA3EE}.Release|Any CPU.ActiveCfg = Release|Any CPU
		{D6791E41-451F-4A18-A010-8C1ED17DA3EE}.Release|Any CPU.Build.0 = Release|Any CPU
	EndGlobalSection
	GlobalSection(SolutionProperties) = preSolution
		HideSolutionNode = FALSE
	EndGlobalSection
	GlobalSection(ExtensibilityGlobals) = postSolution
		SolutionGuid = {E9031FFE-344E-4D53-A8F9-F890E6EBFA30}
	EndGlobalSection
EndGlobal
